// !$*UTF8*$!
{
	archiveVersion = 1;
	classes = {
	};
	objectVersion = 46;
	objects = {

/* Begin PBXBuildFile section */
		9FAEBD951AE2AF3700FFD5C0 /* AppDelegate.swift in Sources */ = {isa = PBXBuildFile; fileRef = 9FAEBD941AE2AF3700FFD5C0 /* AppDelegate.swift */; };
		9FAEBD971AE2AF3700FFD5C0 /* ViewController.swift in Sources */ = {isa = PBXBuildFile; fileRef = 9FAEBD961AE2AF3700FFD5C0 /* ViewController.swift */; };
		9FAEBD9A1AE2AF3700FFD5C0 /* Main.storyboard in Resources */ = {isa = PBXBuildFile; fileRef = 9FAEBD981AE2AF3700FFD5C0 /* Main.storyboard */; };
		9FAEBD9C1AE2AF3700FFD5C0 /* Images.xcassets in Resources */ = {isa = PBXBuildFile; fileRef = 9FAEBD9B1AE2AF3700FFD5C0 /* Images.xcassets */; };
		9FAEBD9F1AE2AF3700FFD5C0 /* LaunchScreen.xib in Resources */ = {isa = PBXBuildFile; fileRef = 9FAEBD9D1AE2AF3700FFD5C0 /* LaunchScreen.xib */; };
		9FAEBDAB1AE2AF3700FFD5C0 /* SideBarTests.swift in Sources */ = {isa = PBXBuildFile; fileRef = 9FAEBDAA1AE2AF3700FFD5C0 /* SideBarTests.swift */; };
		9FAEBDCA1AE2AF5800FFD5C0 /* SidebarAirbnbAnimation.m in Sources */ = {isa = PBXBuildFile; fileRef = 9FAEBDBB1AE2AF5800FFD5C0 /* SidebarAirbnbAnimation.m */; };
		9FAEBDCB1AE2AF5800FFD5C0 /* SidebarAirbnbAnimation.m in Sources */ = {isa = PBXBuildFile; fileRef = 9FAEBDBB1AE2AF5800FFD5C0 /* SidebarAirbnbAnimation.m */; };
		9FAEBDCC1AE2AF5800FFD5C0 /* SidebarAnimation.m in Sources */ = {isa = PBXBuildFile; fileRef = 9FAEBDBD1AE2AF5800FFD5C0 /* SidebarAnimation.m */; };
		9FAEBDCD1AE2AF5800FFD5C0 /* SidebarAnimation.m in Sources */ = {isa = PBXBuildFile; fileRef = 9FAEBDBD1AE2AF5800FFD5C0 /* SidebarAnimation.m */; };
		9FAEBDCE1AE2AF5800FFD5C0 /* SidebarFacebookAnimation.m in Sources */ = {isa = PBXBuildFile; fileRef = 9FAEBDBF1AE2AF5800FFD5C0 /* SidebarFacebookAnimation.m */; };
		9FAEBDCF1AE2AF5800FFD5C0 /* SidebarFacebookAnimation.m in Sources */ = {isa = PBXBuildFile; fileRef = 9FAEBDBF1AE2AF5800FFD5C0 /* SidebarFacebookAnimation.m */; };
		9FAEBDD01AE2AF5800FFD5C0 /* SidebarFeedlyAnimation.m in Sources */ = {isa = PBXBuildFile; fileRef = 9FAEBDC11AE2AF5800FFD5C0 /* SidebarFeedlyAnimation.m */; };
		9FAEBDD11AE2AF5800FFD5C0 /* SidebarFeedlyAnimation.m in Sources */ = {isa = PBXBuildFile; fileRef = 9FAEBDC11AE2AF5800FFD5C0 /* SidebarFeedlyAnimation.m */; };
		9FAEBDD21AE2AF5800FFD5C0 /* SidebarFlipboardAnimation.m in Sources */ = {isa = PBXBuildFile; fileRef = 9FAEBDC31AE2AF5800FFD5C0 /* SidebarFlipboardAnimation.m */; };
		9FAEBDD31AE2AF5800FFD5C0 /* SidebarFlipboardAnimation.m in Sources */ = {isa = PBXBuildFile; fileRef = 9FAEBDC31AE2AF5800FFD5C0 /* SidebarFlipboardAnimation.m */; };
		9FAEBDD41AE2AF5800FFD5C0 /* SidebarLuvocracyAnimation.m in Sources */ = {isa = PBXBuildFile; fileRef = 9FAEBDC51AE2AF5800FFD5C0 /* SidebarLuvocracyAnimation.m */; };
		9FAEBDD51AE2AF5800FFD5C0 /* SidebarLuvocracyAnimation.m in Sources */ = {isa = PBXBuildFile; fileRef = 9FAEBDC51AE2AF5800FFD5C0 /* SidebarLuvocracyAnimation.m */; };
		9FAEBDD61AE2AF5800FFD5C0 /* SidebarWunderlistAnimation.m in Sources */ = {isa = PBXBuildFile; fileRef = 9FAEBDC71AE2AF5800FFD5C0 /* SidebarWunderlistAnimation.m */; };
		9FAEBDD71AE2AF5800FFD5C0 /* SidebarWunderlistAnimation.m in Sources */ = {isa = PBXBuildFile; fileRef = 9FAEBDC71AE2AF5800FFD5C0 /* SidebarWunderlistAnimation.m */; };
		9FAEBDD81AE2AF5800FFD5C0 /* TheSidebarController.m in Sources */ = {isa = PBXBuildFile; fileRef = 9FAEBDC91AE2AF5800FFD5C0 /* TheSidebarController.m */; };
		9FAEBDD91AE2AF5800FFD5C0 /* TheSidebarController.m in Sources */ = {isa = PBXBuildFile; fileRef = 9FAEBDC91AE2AF5800FFD5C0 /* TheSidebarController.m */; };
		9FAEBDDB1AE2B32E00FFD5C0 /* LeftController.swift in Sources */ = {isa = PBXBuildFile; fileRef = 9FAEBDDA1AE2B32E00FFD5C0 /* LeftController.swift */; };
		9FAEBDDD1AE2B33A00FFD5C0 /* RightController.swift in Sources */ = {isa = PBXBuildFile; fileRef = 9FAEBDDC1AE2B33A00FFD5C0 /* RightController.swift */; };
/* End PBXBuildFile section */

/* Begin PBXContainerItemProxy section */
		9FAEBDA51AE2AF3700FFD5C0 /* PBXContainerItemProxy */ = {
			isa = PBXContainerItemProxy;
			containerPortal = 9FAEBD871AE2AF3700FFD5C0 /* Project object */;
			proxyType = 1;
			remoteGlobalIDString = 9FAEBD8E1AE2AF3700FFD5C0;
			remoteInfo = SideBar;
		};
/* End PBXContainerItemProxy section */

/* Begin PBXFileReference section */
		9FAEBD8F1AE2AF3700FFD5C0 /* SideBar.app */ = {isa = PBXFileReference; explicitFileType = wrapper.application; includeInIndex = 0; path = SideBar.app; sourceTree = BUILT_PRODUCTS_DIR; };
		9FAEBD931AE2AF3700FFD5C0 /* Info.plist */ = {isa = PBXFileReference; lastKnownFileType = text.plist.xml; path = Info.plist; sourceTree = "<group>"; };
		9FAEBD941AE2AF3700FFD5C0 /* AppDelegate.swift */ = {isa = PBXFileReference; lastKnownFileType = sourcecode.swift; path = AppDelegate.swift; sourceTree = "<group>"; };
		9FAEBD961AE2AF3700FFD5C0 /* ViewController.swift */ = {isa = PBXFileReference; lastKnownFileType = sourcecode.swift; path = ViewController.swift; sourceTree = "<group>"; };
		9FAEBD991AE2AF3700FFD5C0 /* Base */ = {isa = PBXFileReference; lastKnownFileType = file.storyboard; name = Base; path = Base.lproj/Main.storyboard; sourceTree = "<group>"; };
		9FAEBD9B1AE2AF3700FFD5C0 /* Images.xcassets */ = {isa = PBXFileReference; lastKnownFileType = folder.assetcatalog; path = Images.xcassets; sourceTree = "<group>"; };
		9FAEBD9E1AE2AF3700FFD5C0 /* Base */ = {isa = PBXFileReference; lastKnownFileType = file.xib; name = Base; path = Base.lproj/LaunchScreen.xib; sourceTree = "<group>"; };
		9FAEBDA41AE2AF3700FFD5C0 /* SideBarTests.xctest */ = {isa = PBXFileReference; explicitFileType = wrapper.cfbundle; includeInIndex = 0; path = SideBarTests.xctest; sourceTree = BUILT_PRODUCTS_DIR; };
		9FAEBDA91AE2AF3700FFD5C0 /* Info.plist */ = {isa = PBXFileReference; lastKnownFileType = text.plist.xml; path = Info.plist; sourceTree = "<group>"; };
		9FAEBDAA1AE2AF3700FFD5C0 /* SideBarTests.swift */ = {isa = PBXFileReference; lastKnownFileType = sourcecode.swift; path = SideBarTests.swift; sourceTree = "<group>"; };
		9FAEBDB41AE2AF4600FFD5C0 /* SideBar-Bridging-Header.h */ = {isa = PBXFileReference; lastKnownFileType = sourcecode.c.h; path = "SideBar-Bridging-Header.h"; sourceTree = "<group>"; };
		9FAEBDBA1AE2AF5800FFD5C0 /* SidebarAirbnbAnimation.h */ = {isa = PBXFileReference; fileEncoding = 4; lastKnownFileType = sourcecode.c.h; path = SidebarAirbnbAnimation.h; sourceTree = "<group>"; };
		9FAEBDBB1AE2AF5800FFD5C0 /* SidebarAirbnbAnimation.m */ = {isa = PBXFileReference; fileEncoding = 4; lastKnownFileType = sourcecode.c.objc; path = SidebarAirbnbAnimation.m; sourceTree = "<group>"; };
		9FAEBDBC1AE2AF5800FFD5C0 /* SidebarAnimation.h */ = {isa = PBXFileReference; fileEncoding = 4; lastKnownFileType = sourcecode.c.h; path = SidebarAnimation.h; sourceTree = "<group>"; };
		9FAEBDBD1AE2AF5800FFD5C0 /* SidebarAnimation.m */ = {isa = PBXFileReference; fileEncoding = 4; lastKnownFileType = sourcecode.c.objc; path = SidebarAnimation.m; sourceTree = "<group>"; };
		9FAEBDBE1AE2AF5800FFD5C0 /* SidebarFacebookAnimation.h */ = {isa = PBXFileReference; fileEncoding = 4; lastKnownFileType = sourcecode.c.h; path = SidebarFacebookAnimation.h; sourceTree = "<group>"; };
		9FAEBDBF1AE2AF5800FFD5C0 /* SidebarFacebookAnimation.m */ = {isa = PBXFileReference; fileEncoding = 4; lastKnownFileType = sourcecode.c.objc; path = SidebarFacebookAnimation.m; sourceTree = "<group>"; };
		9FAEBDC01AE2AF5800FFD5C0 /* SidebarFeedlyAnimation.h */ = {isa = PBXFileReference; fileEncoding = 4; lastKnownFileType = sourcecode.c.h; path = SidebarFeedlyAnimation.h; sourceTree = "<group>"; };
		9FAEBDC11AE2AF5800FFD5C0 /* SidebarFeedlyAnimation.m */ = {isa = PBXFileReference; fileEncoding = 4; lastKnownFileType = sourcecode.c.objc; path = SidebarFeedlyAnimation.m; sourceTree = "<group>"; };
		9FAEBDC21AE2AF5800FFD5C0 /* SidebarFlipboardAnimation.h */ = {isa = PBXFileReference; fileEncoding = 4; lastKnownFileType = sourcecode.c.h; path = SidebarFlipboardAnimation.h; sourceTree = "<group>"; };
		9FAEBDC31AE2AF5800FFD5C0 /* SidebarFlipboardAnimation.m */ = {isa = PBXFileReference; fileEncoding = 4; lastKnownFileType = sourcecode.c.objc; path = SidebarFlipboardAnimation.m; sourceTree = "<group>"; };
		9FAEBDC41AE2AF5800FFD5C0 /* SidebarLuvocracyAnimation.h */ = {isa = PBXFileReference; fileEncoding = 4; lastKnownFileType = sourcecode.c.h; path = SidebarLuvocracyAnimation.h; sourceTree = "<group>"; };
		9FAEBDC51AE2AF5800FFD5C0 /* SidebarLuvocracyAnimation.m */ = {isa = PBXFileReference; fileEncoding = 4; lastKnownFileType = sourcecode.c.objc; path = SidebarLuvocracyAnimation.m; sourceTree = "<group>"; };
		9FAEBDC61AE2AF5800FFD5C0 /* SidebarWunderlistAnimation.h */ = {isa = PBXFileReference; fileEncoding = 4; lastKnownFileType = sourcecode.c.h; path = SidebarWunderlistAnimation.h; sourceTree = "<group>"; };
		9FAEBDC71AE2AF5800FFD5C0 /* SidebarWunderlistAnimation.m */ = {isa = PBXFileReference; fileEncoding = 4; lastKnownFileType = sourcecode.c.objc; path = SidebarWunderlistAnimation.m; sourceTree = "<group>"; };
		9FAEBDC81AE2AF5800FFD5C0 /* TheSidebarController.h */ = {isa = PBXFileReference; fileEncoding = 4; lastKnownFileType = sourcecode.c.h; path = TheSidebarController.h; sourceTree = "<group>"; };
		9FAEBDC91AE2AF5800FFD5C0 /* TheSidebarController.m */ = {isa = PBXFileReference; fileEncoding = 4; lastKnownFileType = sourcecode.c.objc; path = TheSidebarController.m; sourceTree = "<group>"; };
		9FAEBDDA1AE2B32E00FFD5C0 /* LeftController.swift */ = {isa = PBXFileReference; fileEncoding = 4; lastKnownFileType = sourcecode.swift; path = LeftController.swift; sourceTree = "<group>"; };
		9FAEBDDC1AE2B33A00FFD5C0 /* RightController.swift */ = {isa = PBXFileReference; fileEncoding = 4; lastKnownFileType = sourcecode.swift; path = RightController.swift; sourceTree = "<group>"; };
/* End PBXFileReference section */

/* Begin PBXFrameworksBuildPhase section */
		9FAEBD8C1AE2AF3700FFD5C0 /* Frameworks */ = {
			isa = PBXFrameworksBuildPhase;
			buildActionMask = 2147483647;
			files = (
			);
			runOnlyForDeploymentPostprocessing = 0;
		};
		9FAEBDA11AE2AF3700FFD5C0 /* Frameworks */ = {
			isa = PBXFrameworksBuildPhase;
			buildActionMask = 2147483647;
			files = (
			);
			runOnlyForDeploymentPostprocessing = 0;
		};
/* End PBXFrameworksBuildPhase section */

/* Begin PBXGroup section */
		9FAEBD861AE2AF3700FFD5C0 = {
			isa = PBXGroup;
			children = (
				9FAEBD911AE2AF3700FFD5C0 /* SideBar */,
				9FAEBDA71AE2AF3700FFD5C0 /* SideBarTests */,
				9FAEBD901AE2AF3700FFD5C0 /* Products */,
			);
			sourceTree = "<group>";
		};
		9FAEBD901AE2AF3700FFD5C0 /* Products */ = {
			isa = PBXGroup;
			children = (
				9FAEBD8F1AE2AF3700FFD5C0 /* SideBar.app */,
				9FAEBDA41AE2AF3700FFD5C0 /* SideBarTests.xctest */,
			);
			name = Products;
			sourceTree = "<group>";
		};
		9FAEBD911AE2AF3700FFD5C0 /* SideBar */ = {
			isa = PBXGroup;
			children = (
				9FAEBDB81AE2AF5800FFD5C0 /* TheSidebarController */,
				9FAEBD941AE2AF3700FFD5C0 /* AppDelegate.swift */,
				9FAEBD981AE2AF3700FFD5C0 /* Main.storyboard */,
				9FAEBD9B1AE2AF3700FFD5C0 /* Images.xcassets */,
				9FAEBD9D1AE2AF3700FFD5C0 /* LaunchScreen.xib */,
				9FAEBD921AE2AF3700FFD5C0 /* Supporting Files */,
				9FAEBDB41AE2AF4600FFD5C0 /* SideBar-Bridging-Header.h */,
				9FAEBD961AE2AF3700FFD5C0 /* ViewController.swift */,
				9FAEBDDA1AE2B32E00FFD5C0 /* LeftController.swift */,
				9FAEBDDC1AE2B33A00FFD5C0 /* RightController.swift */,
			);
			path = SideBar;
			sourceTree = "<group>";
		};
		9FAEBD921AE2AF3700FFD5C0 /* Supporting Files */ = {
			isa = PBXGroup;
			children = (
				9FAEBD931AE2AF3700FFD5C0 /* Info.plist */,
			);
			name = "Supporting Files";
			sourceTree = "<group>";
		};
		9FAEBDA71AE2AF3700FFD5C0 /* SideBarTests */ = {
			isa = PBXGroup;
			children = (
				9FAEBDAA1AE2AF3700FFD5C0 /* SideBarTests.swift */,
				9FAEBDA81AE2AF3700FFD5C0 /* Supporting Files */,
			);
			path = SideBarTests;
			sourceTree = "<group>";
		};
		9FAEBDA81AE2AF3700FFD5C0 /* Supporting Files */ = {
			isa = PBXGroup;
			children = (
				9FAEBDA91AE2AF3700FFD5C0 /* Info.plist */,
			);
			name = "Supporting Files";
			sourceTree = "<group>";
		};
		9FAEBDB81AE2AF5800FFD5C0 /* TheSidebarController */ = {
			isa = PBXGroup;
			children = (
				9FAEBDB91AE2AF5800FFD5C0 /* Animations */,
				9FAEBDC81AE2AF5800FFD5C0 /* TheSidebarController.h */,
				9FAEBDC91AE2AF5800FFD5C0 /* TheSidebarController.m */,
			);
			path = TheSidebarController;
			sourceTree = "<group>";
		};
		9FAEBDB91AE2AF5800FFD5C0 /* Animations */ = {
			isa = PBXGroup;
			children = (
				9FAEBDBA1AE2AF5800FFD5C0 /* SidebarAirbnbAnimation.h */,
				9FAEBDBB1AE2AF5800FFD5C0 /* SidebarAirbnbAnimation.m */,
				9FAEBDBC1AE2AF5800FFD5C0 /* SidebarAnimation.h */,
				9FAEBDBD1AE2AF5800FFD5C0 /* SidebarAnimation.m */,
				9FAEBDBE1AE2AF5800FFD5C0 /* SidebarFacebookAnimation.h */,
				9FAEBDBF1AE2AF5800FFD5C0 /* SidebarFacebookAnimation.m */,
				9FAEBDC01AE2AF5800FFD5C0 /* SidebarFeedlyAnimation.h */,
				9FAEBDC11AE2AF5800FFD5C0 /* SidebarFeedlyAnimation.m */,
				9FAEBDC21AE2AF5800FFD5C0 /* SidebarFlipboardAnimation.h */,
				9FAEBDC31AE2AF5800FFD5C0 /* SidebarFlipboardAnimation.m */,
				9FAEBDC41AE2AF5800FFD5C0 /* SidebarLuvocracyAnimation.h */,
				9FAEBDC51AE2AF5800FFD5C0 /* SidebarLuvocracyAnimation.m */,
				9FAEBDC61AE2AF5800FFD5C0 /* SidebarWunderlistAnimation.h */,
				9FAEBDC71AE2AF5800FFD5C0 /* SidebarWunderlistAnimation.m */,
			);
			path = Animations;
			sourceTree = "<group>";
		};
/* End PBXGroup section */

/* Begin PBXNativeTarget section */
		9FAEBD8E1AE2AF3700FFD5C0 /* SideBar */ = {
			isa = PBXNativeTarget;
			buildConfigurationList = 9FAEBDAE1AE2AF3700FFD5C0 /* Build configuration list for PBXNativeTarget "SideBar" */;
			buildPhases = (
				9FAEBD8B1AE2AF3700FFD5C0 /* Sources */,
				9FAEBD8C1AE2AF3700FFD5C0 /* Frameworks */,
				9FAEBD8D1AE2AF3700FFD5C0 /* Resources */,
			);
			buildRules = (
			);
			dependencies = (
			);
			name = SideBar;
			productName = SideBar;
			productReference = 9FAEBD8F1AE2AF3700FFD5C0 /* SideBar.app */;
			productType = "com.apple.product-type.application";
		};
		9FAEBDA31AE2AF3700FFD5C0 /* SideBarTests */ = {
			isa = PBXNativeTarget;
			buildConfigurationList = 9FAEBDB11AE2AF3700FFD5C0 /* Build configuration list for PBXNativeTarget "SideBarTests" */;
			buildPhases = (
				9FAEBDA01AE2AF3700FFD5C0 /* Sources */,
				9FAEBDA11AE2AF3700FFD5C0 /* Frameworks */,
				9FAEBDA21AE2AF3700FFD5C0 /* Resources */,
			);
			buildRules = (
			);
			dependencies = (
				9FAEBDA61AE2AF3700FFD5C0 /* PBXTargetDependency */,
			);
			name = SideBarTests;
			productName = SideBarTests;
			productReference = 9FAEBDA41AE2AF3700FFD5C0 /* SideBarTests.xctest */;
			productType = "com.apple.product-type.bundle.unit-test";
		};
/* End PBXNativeTarget section */

/* Begin PBXProject section */
		9FAEBD871AE2AF3700FFD5C0 /* Project object */ = {
			isa = PBXProject;
			attributes = {
				LastUpgradeCheck = 0630;
				ORGANIZATIONNAME = Elin;
				TargetAttributes = {
					9FAEBD8E1AE2AF3700FFD5C0 = {
						CreatedOnToolsVersion = 6.3;
					};
					9FAEBDA31AE2AF3700FFD5C0 = {
						CreatedOnToolsVersion = 6.3;
						TestTargetID = 9FAEBD8E1AE2AF3700FFD5C0;
					};
				};
			};
			buildConfigurationList = 9FAEBD8A1AE2AF3700FFD5C0 /* Build configuration list for PBXProject "SideBar" */;
			compatibilityVersion = "Xcode 3.2";
			developmentRegion = English;
			hasScannedForEncodings = 0;
			knownRegions = (
				en,
				Base,
			);
			mainGroup = 9FAEBD861AE2AF3700FFD5C0;
			productRefGroup = 9FAEBD901AE2AF3700FFD5C0 /* Products */;
			projectDirPath = "";
			projectRoot = "";
			targets = (
				9FAEBD8E1AE2AF3700FFD5C0 /* SideBar */,
				9FAEBDA31AE2AF3700FFD5C0 /* SideBarTests */,
			);
		};
/* End PBXProject section */

/* Begin PBXResourcesBuildPhase section */
		9FAEBD8D1AE2AF3700FFD5C0 /* Resources */ = {
			isa = PBXResourcesBuildPhase;
			buildActionMask = 2147483647;
			files = (
				9FAEBD9A1AE2AF3700FFD5C0 /* Main.storyboard in Resources */,
				9FAEBD9F1AE2AF3700FFD5C0 /* LaunchScreen.xib in Resources */,
				9FAEBD9C1AE2AF3700FFD5C0 /* Images.xcassets in Resources */,
			);
			runOnlyForDeploymentPostprocessing = 0;
		};
		9FAEBDA21AE2AF3700FFD5C0 /* Resources */ = {
			isa = PBXResourcesBuildPhase;
			buildActionMask = 2147483647;
			files = (
			);
			runOnlyForDeploymentPostprocessing = 0;
		};
/* End PBXResourcesBuildPhase section */

/* Begin PBXSourcesBuildPhase section */
		9FAEBD8B1AE2AF3700FFD5C0 /* Sources */ = {
			isa = PBXSourcesBuildPhase;
			buildActionMask = 2147483647;
			files = (
				9FAEBDD41AE2AF5800FFD5C0 /* SidebarLuvocracyAnimation.m in Sources */,
				9FAEBDD01AE2AF5800FFD5C0 /* SidebarFeedlyAnimation.m in Sources */,
				9FAEBD971AE2AF3700FFD5C0 /* ViewController.swift in Sources */,
				9FAEBDD61AE2AF5800FFD5C0 /* SidebarWunderlistAnimation.m in Sources */,
				9FAEBDDB1AE2B32E00FFD5C0 /* LeftController.swift in Sources */,
				9FAEBDD81AE2AF5800FFD5C0 /* TheSidebarController.m in Sources */,
				9FAEBDCE1AE2AF5800FFD5C0 /* SidebarFacebookAnimation.m in Sources */,
				9FAEBD951AE2AF3700FFD5C0 /* AppDelegate.swift in Sources */,
				9FAEBDCA1AE2AF5800FFD5C0 /* SidebarAirbnbAnimation.m in Sources */,
				9FAEBDCC1AE2AF5800FFD5C0 /* SidebarAnimation.m in Sources */,
				9FAEBDDD1AE2B33A00FFD5C0 /* RightController.swift in Sources */,
				9FAEBDD21AE2AF5800FFD5C0 /* SidebarFlipboardAnimation.m in Sources */,
			);
			runOnlyForDeploymentPostprocessing = 0;
		};
		9FAEBDA01AE2AF3700FFD5C0 /* Sources */ = {
			isa = PBXSourcesBuildPhase;
			buildActionMask = 2147483647;
			files = (
				9FAEBDD11AE2AF5800FFD5C0 /* SidebarFeedlyAnimation.m in Sources */,
				9FAEBDD31AE2AF5800FFD5C0 /* SidebarFlipboardAnimation.m in Sources */,
				9FAEBDD71AE2AF5800FFD5C0 /* SidebarWunderlistAnimation.m in Sources */,
				9FAEBDD51AE2AF5800FFD5C0 /* SidebarLuvocracyAnimation.m in Sources */,
				9FAEBDD91AE2AF5800FFD5C0 /* TheSidebarController.m in Sources */,
				9FAEBDAB1AE2AF3700FFD5C0 /* SideBarTests.swift in Sources */,
				9FAEBDCF1AE2AF5800FFD5C0 /* SidebarFacebookAnimation.m in Sources */,
				9FAEBDCB1AE2AF5800FFD5C0 /* SidebarAirbnbAnimation.m in Sources */,
				9FAEBDCD1AE2AF5800FFD5C0 /* SidebarAnimation.m in Sources */,
			);
			runOnlyForDeploymentPostprocessing = 0;
		};
/* End PBXSourcesBuildPhase section */

/* Begin PBXTargetDependency section */
		9FAEBDA61AE2AF3700FFD5C0 /* PBXTargetDependency */ = {
			isa = PBXTargetDependency;
			target = 9FAEBD8E1AE2AF3700FFD5C0 /* SideBar */;
			targetProxy = 9FAEBDA51AE2AF3700FFD5C0 /* PBXContainerItemProxy */;
		};
/* End PBXTargetDependency section */

/* Begin PBXVariantGroup section */
		9FAEBD981AE2AF3700FFD5C0 /* Main.storyboard */ = {
			isa = PBXVariantGroup;
			children = (
				9FAEBD991AE2AF3700FFD5C0 /* Base */,
			);
			name = Main.storyboard;
			sourceTree = "<group>";
		};
		9FAEBD9D1AE2AF3700FFD5C0 /* LaunchScreen.xib */ = {
			isa = PBXVariantGroup;
			children = (
				9FAEBD9E1AE2AF3700FFD5C0 /* Base */,
			);
			name = LaunchScreen.xib;
			sourceTree = "<group>";
		};
/* End PBXVariantGroup section */

/* Begin XCBuildConfiguration section */
		9FAEBDAC1AE2AF3700FFD5C0 /* Debug */ = {
			isa = XCBuildConfiguration;
			buildSettings = {
				ALWAYS_SEARCH_USER_PATHS = NO;
				CLANG_CXX_LANGUAGE_STANDARD = "gnu++0x";
				CLANG_CXX_LIBRARY = "libc++";
				CLANG_ENABLE_MODULES = YES;
				CLANG_ENABLE_OBJC_ARC = YES;
				CLANG_WARN_BOOL_CONVERSION = YES;
				CLANG_WARN_CONSTANT_CONVERSION = YES;
				CLANG_WARN_DIRECT_OBJC_ISA_USAGE = YES_ERROR;
				CLANG_WARN_EMPTY_BODY = YES;
				CLANG_WARN_ENUM_CONVERSION = YES;
				CLANG_WARN_INT_CONVERSION = YES;
				CLANG_WARN_OBJC_ROOT_CLASS = YES_ERROR;
				CLANG_WARN_UNREACHABLE_CODE = YES;
				CLANG_WARN__DUPLICATE_METHOD_MATCH = YES;
				"CODE_SIGN_IDENTITY[sdk=iphoneos*]" = "iPhone Developer";
				COPY_PHASE_STRIP = NO;
				DEBUG_INFORMATION_FORMAT = "dwarf-with-dsym";
				ENABLE_STRICT_OBJC_MSGSEND = YES;
				GCC_C_LANGUAGE_STANDARD = gnu99;
				GCC_DYNAMIC_NO_PIC = NO;
				GCC_NO_COMMON_BLOCKS = YES;
				GCC_OPTIMIZATION_LEVEL = 0;
				GCC_PREPROCESSOR_DEFINITIONS = (
					"DEBUG=1",
					"$(inherited)",
				);
				GCC_SYMBOLS_PRIVATE_EXTERN = NO;
				GCC_WARN_64_TO_32_BIT_CONVERSION = YES;
				GCC_WARN_ABOUT_RETURN_TYPE = YES_ERROR;
				GCC_WARN_UNDECLARED_SELECTOR = YES;
				GCC_WARN_UNINITIALIZED_AUTOS = YES_AGGRESSIVE;
				GCC_WARN_UNUSED_FUNCTION = YES;
				GCC_WARN_UNUSED_VARIABLE = YES;
				IPHONEOS_DEPLOYMENT_TARGET = 8.3;
				MTL_ENABLE_DEBUG_INFO = YES;
				ONLY_ACTIVE_ARCH = YES;
				SDKROOT = iphoneos;
				SWIFT_OPTIMIZATION_LEVEL = "-Onone";
			};
			name = Debug;
		};
		9FAEBDAD1AE2AF3700FFD5C0 /* Release */ = {
			isa = XCBuildConfiguration;
			buildSettings = {
				ALWAYS_SEARCH_USER_PATHS = NO;
				CLANG_CXX_LANGUAGE_STANDARD = "gnu++0x";
				CLANG_CXX_LIBRARY = "libc++";
				CLANG_ENABLE_MODULES = YES;
				CLANG_ENABLE_OBJC_ARC = YES;
				CLANG_WARN_BOOL_CONVERSION = YES;
				CLANG_WARN_CONSTANT_CONVERSION = YES;
				CLANG_WARN_DIRECT_OBJC_ISA_USAGE = YES_ERROR;
				CLANG_WARN_EMPTY_BODY = YES;
				CLANG_WARN_ENUM_CONVERSION = YES;
				CLANG_WARN_INT_CONVERSION = YES;
				CLANG_WARN_OBJC_ROOT_CLASS = YES_ERROR;
				CLANG_WARN_UNREACHABLE_CODE = YES;
				CLANG_WARN__DUPLICATE_METHOD_MATCH = YES;
				"CODE_SIGN_IDENTITY[sdk=iphoneos*]" = "iPhone Developer";
				COPY_PHASE_STRIP = NO;
				DEBUG_INFORMATION_FORMAT = "dwarf-with-dsym";
				ENABLE_NS_ASSERTIONS = NO;
				ENABLE_STRICT_OBJC_MSGSEND = YES;
				GCC_C_LANGUAGE_STANDARD = gnu99;
				GCC_NO_COMMON_BLOCKS = YES;
				GCC_WARN_64_TO_32_BIT_CONVERSION = YES;
				GCC_WARN_ABOUT_RETURN_TYPE = YES_ERROR;
				GCC_WARN_UNDECLARED_SELECTOR = YES;
				GCC_WARN_UNINITIALIZED_AUTOS = YES_AGGRESSIVE;
				GCC_WARN_UNUSED_FUNCTION = YES;
				GCC_WARN_UNUSED_VARIABLE = YES;
				IPHONEOS_DEPLOYMENT_TARGET = 8.3;
				MTL_ENABLE_DEBUG_INFO = NO;
				SDKROOT = iphoneos;
				VALIDATE_PRODUCT = YES;
			};
			name = Release;
		};
		9FAEBDAF1AE2AF3700FFD5C0 /* Debug */ = {
			isa = XCBuildConfiguration;
			buildSettings = {
				ASSETCATALOG_COMPILER_APPICON_NAME = AppIcon;
				CLANG_ENABLE_MODULES = YES;
				INFOPLIST_FILE = SideBar/Info.plist;
				LD_RUNPATH_SEARCH_PATHS = "$(inherited) @executable_path/Frameworks";
				PRODUCT_NAME = "$(TARGET_NAME)";
				SWIFT_OBJC_BRIDGING_HEADER = "SideBar/SideBar-Bridging-Header.h";
				SWIFT_OPTIMIZATION_LEVEL = "-Onone";
			};
			name = Debug;
		};
		9FAEBDB01AE2AF3700FFD5C0 /* Release */ = {
			isa = XCBuildConfiguration;
			buildSettings = {
				ASSETCATALOG_COMPILER_APPICON_NAME = AppIcon;
				CLANG_ENABLE_MODULES = YES;
				INFOPLIST_FILE = SideBar/Info.plist;
				LD_RUNPATH_SEARCH_PATHS = "$(inherited) @executable_path/Frameworks";
				PRODUCT_NAME = "$(TARGET_NAME)";
				SWIFT_OBJC_BRIDGING_HEADER = "SideBar/SideBar-Bridging-Header.h";
			};
			name = Release;
		};
		9FAEBDB21AE2AF3700FFD5C0 /* Debug */ = {
			isa = XCBuildConfiguration;
			buildSettings = {
				BUNDLE_LOADER = "$(TEST_HOST)";
				FRAMEWORK_SEARCH_PATHS = (
					"$(SDKROOT)/Developer/Library/Frameworks",
					"$(inherited)",
				);
				GCC_PREPROCESSOR_DEFINITIONS = (
					"DEBUG=1",
					"$(inherited)",
				);
				INFOPLIST_FILE = SideBarTests/Info.plist;
				LD_RUNPATH_SEARCH_PATHS = "$(inherited) @executable_path/Frameworks @loader_path/Frameworks";
				PRODUCT_NAME = "$(TARGET_NAME)";
				TEST_HOST = "$(BUILT_PRODUCTS_DIR)/SideBar.app/SideBar";
			};
			name = Debug;
		};
		9FAEBDB31AE2AF3700FFD5C0 /* Release */ = {
			isa = XCBuildConfiguration;
			buildSettings = {
				BUNDLE_LOADER = "$(TEST_HOST)";
				FRAMEWORK_SEARCH_PATHS = (
					"$(SDKROOT)/Developer/Library/Frameworks",
					"$(inherited)",
				);
				INFOPLIST_FILE = SideBarTests/Info.plist;
				LD_RUNPATH_SEARCH_PATHS = "$(inherited) @executable_path/Frameworks @loader_path/Frameworks";
				PRODUCT_NAME = "$(TARGET_NAME)";
				TEST_HOST = "$(BUILT_PRODUCTS_DIR)/SideBar.app/SideBar";
			};
			name = Release;
		};
/* End XCBuildConfiguration section */

/* Begin XCConfigurationList section */
		9FAEBD8A1AE2AF3700FFD5C0 /* Build configuration list for PBXProject "SideBar" */ = {
			isa = XCConfigurationList;
			buildConfigurations = (
				9FAEBDAC1AE2AF3700FFD5C0 /* Debug */,
				9FAEBDAD1AE2AF3700FFD5C0 /* Release */,
			);
			defaultConfigurationIsVisible = 0;
			defaultConfigurationName = Release;
		};
		9FAEBDAE1AE2AF3700FFD5C0 /* Build configuration list for PBXNativeTarget "SideBar" */ = {
			isa = XCConfigurationList;
			buildConfigurations = (
				9FAEBDAF1AE2AF3700FFD5C0 /* Debug */,
				9FAEBDB01AE2AF3700FFD5C0 /* Release */,
			);
			defaultConfigurationIsVisible = 0;
			defaultConfigurationName = Release;
		};
		9FAEBDB11AE2AF3700FFD5C0 /* Build configuration list for PBXNativeTarget "SideBarTests" */ = {
			isa = XCConfigurationList;
			buildConfigurations = (
				9FAEBDB21AE2AF3700FFD5C0 /* Debug */,
				9FAEBDB31AE2AF3700FFD5C0 /* Release */,
			);
			defaultConfigurationIsVisible = 0;
			defaultConfigurationName = Release;
		};
/* End XCConfigurationList section */
	};
	rootObject = 9FAEBD871AE2AF3700FFD5C0 /* Project object */;
}
